
Microsoft Visual Studio Solution File, Format Version 12.00
# Visual Studio Version 17
VisualStudioVersion = 17.9.34902.65
MinimumVisualStudioVersion = 10.0.40219.1
Project("{FAE04EC0-301F-11D3-BF4B-00C04F79EFBC}") = "BaiTap16", "BaiTap16.csproj", "{904D1548-4237-4CAC-A0A6-40AB10E660E1}"
EndProject
Global
	GlobalSection(SolutionConfigurationPlatforms) = preSolution
		Debug|Any CPU = Debug|Any CPU
		Release|Any CPU = Release|Any CPU
	EndGlobalSection
	GlobalSection(ProjectConfigurationPlatforms) = postSolution
		{904D1548-4237-4CAC-A0A6-40AB10E660E1}.Debug|Any CPU.ActiveCfg = Debug|Any CPU
		{904D1548-4237-4CAC-A0A6-40AB10E660E1}.Debug|Any CPU.Build.0 = Debug|Any CPU
		{904D1548-4237-4CAC-A0A6-40AB10E660E1}.Release|Any CPU.ActiveCfg = Release|Any CPU
		{904D1548-4237-4CAC-A0A6-40AB10E660E1}.Release|Any CPU.Build.0 = Release|Any CPU
	EndGlobalSection
	GlobalSection(SolutionProperties) = preSolution
		HideSolutionNode = FALSE
	EndGlobalSection
	GlobalSection(ExtensibilityGlobals) = postSolution
		SolutionGuid = {AAB910DC-9FB9-48DD-9EBE-308A4A2CFD5E}
	EndGlobalSection
EndGlobal
