
Microsoft Visual Studio Solution File, Format Version 12.00
# Visual Studio Version 17
VisualStudioVersion = 17.9.34902.65
MinimumVisualStudioVersion = 10.0.40219.1
Project("{FAE04EC0-301F-11D3-BF4B-00C04F79EFBC}") = "BaiTap15", "BaiTap15.csproj", "{CB46FE0B-B1B5-4EA4-9ACC-BDD72A9619AE}"
EndProject
Global
	GlobalSection(SolutionConfigurationPlatforms) = preSolution
		Debug|Any CPU = Debug|Any CPU
		Release|Any CPU = Release|Any CPU
	EndGlobalSection
	GlobalSection(ProjectConfigurationPlatforms) = postSolution
		{CB46FE0B-B1B5-4EA4-9ACC-BDD72A9619AE}.Debug|Any CPU.ActiveCfg = Debug|Any CPU
		{CB46FE0B-B1B5-4EA4-9ACC-BDD72A9619AE}.Debug|Any CPU.Build.0 = Debug|Any CPU
		{CB46FE0B-B1B5-4EA4-9ACC-BDD72A9619AE}.Release|Any CPU.ActiveCfg = Release|Any CPU
		{CB46FE0B-B1B5-4EA4-9ACC-BDD72A9619AE}.Release|Any CPU.Build.0 = Release|Any CPU
	EndGlobalSection
	GlobalSection(SolutionProperties) = preSolution
		HideSolutionNode = FALSE
	EndGlobalSection
	GlobalSection(ExtensibilityGlobals) = postSolution
		SolutionGuid = {88F10EB8-1453-4079-BD17-CF9D34E6EDD0}
	EndGlobalSection
EndGlobal
